// !$*UTF8*$!
{
	archiveVersion = 1;
	classes = {
	};
	objectVersion = 55;
	objects = {

/* Begin PBXBuildFile section */
		39EB2FE644C7DF866EBC0D61 /* Pods_EventsDemoApp_EventsDemoAppUITests.framework in Frameworks */ = {isa = PBXBuildFile; fileRef = 80FD66DD05CFBCCE19619D21 /* Pods_EventsDemoApp_EventsDemoAppUITests.framework */; };
		5999F497289903E7004C61BA /* AppDelegate.swift in Sources */ = {isa = PBXBuildFile; fileRef = 5999F496289903E7004C61BA /* AppDelegate.swift */; };
		5999F499289903E7004C61BA /* SceneDelegate.swift in Sources */ = {isa = PBXBuildFile; fileRef = 5999F498289903E7004C61BA /* SceneDelegate.swift */; };
		5999F4A0289903EF004C61BA /* Assets.xcassets in Resources */ = {isa = PBXBuildFile; fileRef = 5999F49F289903EF004C61BA /* Assets.xcassets */; };
		5999F4A3289903EF004C61BA /* LaunchScreen.storyboard in Resources */ = {isa = PBXBuildFile; fileRef = 5999F4A1289903EF004C61BA /* LaunchScreen.storyboard */; };
		5999F4AE289903EF004C61BA /* EventsDemoAppTests.swift in Sources */ = {isa = PBXBuildFile; fileRef = 5999F4AD289903EF004C61BA /* EventsDemoAppTests.swift */; };
		5999F4B8289903EF004C61BA /* EventsDemoAppUITests.swift in Sources */ = {isa = PBXBuildFile; fileRef = 5999F4B7289903EF004C61BA /* EventsDemoAppUITests.swift */; };
		5999F4BA289903EF004C61BA /* EventsDemoAppUITestsLaunchTests.swift in Sources */ = {isa = PBXBuildFile; fileRef = 5999F4B9289903EF004C61BA /* EventsDemoAppUITestsLaunchTests.swift */; };
		59FC43D6289C0FD400940B40 /* Localizable.strings in Resources */ = {isa = PBXBuildFile; fileRef = 59FC43D4289C0FD400940B40 /* Localizable.strings */; };
		59FC43DA289C1C3500940B40 /* Strings+Generated.swift in Sources */ = {isa = PBXBuildFile; fileRef = 59FC43D9289C1C3500940B40 /* Strings+Generated.swift */; };
		59FC43DC289C1D8D00940B40 /* XCAssets+Generated.swift in Sources */ = {isa = PBXBuildFile; fileRef = 59FC43DB289C1D8D00940B40 /* XCAssets+Generated.swift */; };
		59FC43FF289C413100940B40 /* URLComponents.swift in Sources */ = {isa = PBXBuildFile; fileRef = 59FC43E6289C413100940B40 /* URLComponents.swift */; };
		59FC4400289C413100940B40 /* Date.swift in Sources */ = {isa = PBXBuildFile; fileRef = 59FC43E7289C413100940B40 /* Date.swift */; };
		59FC4401289C413100940B40 /* UIView.swift in Sources */ = {isa = PBXBuildFile; fileRef = 59FC43E8289C413100940B40 /* UIView.swift */; };
		59FC4402289C413100940B40 /* CNContact.swift in Sources */ = {isa = PBXBuildFile; fileRef = 59FC43EA289C413100940B40 /* CNContact.swift */; };
		59FC4403289C413100940B40 /* UIStackView.swift in Sources */ = {isa = PBXBuildFile; fileRef = 59FC43EB289C413100940B40 /* UIStackView.swift */; };
		59FC4404289C413100940B40 /* UIColor.swift in Sources */ = {isa = PBXBuildFile; fileRef = 59FC43EC289C413100940B40 /* UIColor.swift */; };
		59FC4405289C413100940B40 /* NSMutableAttributedString+Extensions.swift in Sources */ = {isa = PBXBuildFile; fileRef = 59FC43ED289C413100940B40 /* NSMutableAttributedString+Extensions.swift */; };
		59FC4406289C413100940B40 /* UITableView.swift in Sources */ = {isa = PBXBuildFile; fileRef = 59FC43EE289C413100940B40 /* UITableView.swift */; };
		59FC4407289C413100940B40 /* UIDevice.swift in Sources */ = {isa = PBXBuildFile; fileRef = 59FC43EF289C413100940B40 /* UIDevice.swift */; };
		59FC4408289C413100940B40 /* MPVolumeView.swift in Sources */ = {isa = PBXBuildFile; fileRef = 59FC43F0289C413100940B40 /* MPVolumeView.swift */; };
		59FC4409289C413100940B40 /* UITextField.swift in Sources */ = {isa = PBXBuildFile; fileRef = 59FC43F1289C413100940B40 /* UITextField.swift */; };
		59FC440A289C413100940B40 /* MaterialColors.swift in Sources */ = {isa = PBXBuildFile; fileRef = 59FC43F2289C413100940B40 /* MaterialColors.swift */; };
		59FC440B289C413100940B40 /* String.swift in Sources */ = {isa = PBXBuildFile; fileRef = 59FC43F4289C413100940B40 /* String.swift */; };
		59FC440C289C413100940B40 /* ImageHelper.swift in Sources */ = {isa = PBXBuildFile; fileRef = 59FC43F5289C413100940B40 /* ImageHelper.swift */; };
		59FC440D289C413100940B40 /* UIButton.swift in Sources */ = {isa = PBXBuildFile; fileRef = 59FC43F6289C413100940B40 /* UIButton.swift */; };
		59FC440E289C413100940B40 /* UIViewController.swift in Sources */ = {isa = PBXBuildFile; fileRef = 59FC43F7289C413100940B40 /* UIViewController.swift */; };
		59FC440F289C413100940B40 /* UIWindow.swift in Sources */ = {isa = PBXBuildFile; fileRef = 59FC43F8289C413100940B40 /* UIWindow.swift */; };
		59FC4410289C413100940B40 /* UIFont.swift in Sources */ = {isa = PBXBuildFile; fileRef = 59FC43F9289C413100940B40 /* UIFont.swift */; };
		59FC4411289C413100940B40 /* Checkbox.swift in Sources */ = {isa = PBXBuildFile; fileRef = 59FC43FA289C413100940B40 /* Checkbox.swift */; };
		59FC4412289C413100940B40 /* UILabel.swift in Sources */ = {isa = PBXBuildFile; fileRef = 59FC43FB289C413100940B40 /* UILabel.swift */; };
		59FC4413289C413100940B40 /* UIAlertController.swift in Sources */ = {isa = PBXBuildFile; fileRef = 59FC43FC289C413100940B40 /* UIAlertController.swift */; };
		59FC4414289C413100940B40 /* UITextView.swift in Sources */ = {isa = PBXBuildFile; fileRef = 59FC43FD289C413100940B40 /* UITextView.swift */; };
		59FC4479289C420F00940B40 /* EventsCoodinator.swift in Sources */ = {isa = PBXBuildFile; fileRef = 59FC4429289C420C00940B40 /* EventsCoodinator.swift */; };
		59FC447A289C420F00940B40 /* EventsViewModel.swift in Sources */ = {isa = PBXBuildFile; fileRef = 59FC442A289C420C00940B40 /* EventsViewModel.swift */; };
		59FC4484289C420F00940B40 /* HomeViewModel.swift in Sources */ = {isa = PBXBuildFile; fileRef = 59FC4438289C420C00940B40 /* HomeViewModel.swift */; };
		59FC4485289C420F00940B40 /* HomeViewController.xib in Resources */ = {isa = PBXBuildFile; fileRef = 59FC4439289C420C00940B40 /* HomeViewController.xib */; };
		59FC4486289C420F00940B40 /* HomeViewController.swift in Sources */ = {isa = PBXBuildFile; fileRef = 59FC443A289C420C00940B40 /* HomeViewController.swift */; };
		59FC4487289C420F00940B40 /* TabCoordinator.swift in Sources */ = {isa = PBXBuildFile; fileRef = 59FC443B289C420C00940B40 /* TabCoordinator.swift */; };
		59FC448D289C420F00940B40 /* AppCoordinator.swift in Sources */ = {isa = PBXBuildFile; fileRef = 59FC4444289C420D00940B40 /* AppCoordinator.swift */; };
		59FC448E289C420F00940B40 /* BaseViewController.swift in Sources */ = {isa = PBXBuildFile; fileRef = 59FC4445289C420D00940B40 /* BaseViewController.swift */; };
		59FC448F289C420F00940B40 /* Storyboarded.swift in Sources */ = {isa = PBXBuildFile; fileRef = 59FC4446289C420D00940B40 /* Storyboarded.swift */; };
		59FC4491289C420F00940B40 /* BaseNavigationController.swift in Sources */ = {isa = PBXBuildFile; fileRef = 59FC4448289C420D00940B40 /* BaseNavigationController.swift */; };
		59FC4493289C420F00940B40 /* Coordinator.swift in Sources */ = {isa = PBXBuildFile; fileRef = 59FC444A289C420D00940B40 /* Coordinator.swift */; };
		59FC44A3289C420F00940B40 /* UniversalLoader.swift in Sources */ = {isa = PBXBuildFile; fileRef = 59FC4461289C420F00940B40 /* UniversalLoader.swift */; };
		59FC44AB289C44CF00940B40 /* SchedulesViewModel.swift in Sources */ = {isa = PBXBuildFile; fileRef = 59FC44AA289C44CF00940B40 /* SchedulesViewModel.swift */; };
		59FC44B1289C44FC00940B40 /* SchedulesCoordinator.swift in Sources */ = {isa = PBXBuildFile; fileRef = 59FC44B0289C44FC00940B40 /* SchedulesCoordinator.swift */; };
		59FC44B4289C458800940B40 /* SchedulesViewController.swift in Sources */ = {isa = PBXBuildFile; fileRef = 59FC44B2289C458800940B40 /* SchedulesViewController.swift */; };
		59FC44B5289C458800940B40 /* SchedulesViewController.xib in Resources */ = {isa = PBXBuildFile; fileRef = 59FC44B3289C458800940B40 /* SchedulesViewController.xib */; };
		59FC44B8289C45ED00940B40 /* EventsViewController.swift in Sources */ = {isa = PBXBuildFile; fileRef = 59FC44B6289C45ED00940B40 /* EventsViewController.swift */; };
		59FC44B9289C45ED00940B40 /* EventsViewController.xib in Resources */ = {isa = PBXBuildFile; fileRef = 59FC44B7289C45ED00940B40 /* EventsViewController.xib */; };
		8F66CDDA8CEF4747F4EEFFAD /* Pods_EventsDemoAppTests.framework in Frameworks */ = {isa = PBXBuildFile; fileRef = A1510A480625E7F3070543BF /* Pods_EventsDemoAppTests.framework */; };
		BC46F7873A7AD2F39D91F151 /* Pods_EventsDemoApp.framework in Frameworks */ = {isa = PBXBuildFile; fileRef = C24E9930D9255E35C8CC8357 /* Pods_EventsDemoApp.framework */; };
/* End PBXBuildFile section */

/* Begin PBXContainerItemProxy section */
		5999F4AA289903EF004C61BA /* PBXContainerItemProxy */ = {
			isa = PBXContainerItemProxy;
			containerPortal = 5999F48B289903E6004C61BA /* Project object */;
			proxyType = 1;
			remoteGlobalIDString = 5999F492289903E7004C61BA;
			remoteInfo = EventsDemoApp;
		};
		5999F4B4289903EF004C61BA /* PBXContainerItemProxy */ = {
			isa = PBXContainerItemProxy;
			containerPortal = 5999F48B289903E6004C61BA /* Project object */;
			proxyType = 1;
			remoteGlobalIDString = 5999F492289903E7004C61BA;
			remoteInfo = EventsDemoApp;
		};
/* End PBXContainerItemProxy section */

/* Begin PBXFileReference section */
		1E5A9E0CD505595B0CDFB542 /* Pods-EventsDemoApp-EventsDemoAppUITests.release.xcconfig */ = {isa = PBXFileReference; includeInIndex = 1; lastKnownFileType = text.xcconfig; name = "Pods-EventsDemoApp-EventsDemoAppUITests.release.xcconfig"; path = "Target Support Files/Pods-EventsDemoApp-EventsDemoAppUITests/Pods-EventsDemoApp-EventsDemoAppUITests.release.xcconfig"; sourceTree = "<group>"; };
		5999F493289903E7004C61BA /* EventsDemoApp.app */ = {isa = PBXFileReference; explicitFileType = wrapper.application; includeInIndex = 0; path = EventsDemoApp.app; sourceTree = BUILT_PRODUCTS_DIR; };
		5999F496289903E7004C61BA /* AppDelegate.swift */ = {isa = PBXFileReference; lastKnownFileType = sourcecode.swift; path = AppDelegate.swift; sourceTree = "<group>"; };
		5999F498289903E7004C61BA /* SceneDelegate.swift */ = {isa = PBXFileReference; lastKnownFileType = sourcecode.swift; path = SceneDelegate.swift; sourceTree = "<group>"; };
		5999F49F289903EF004C61BA /* Assets.xcassets */ = {isa = PBXFileReference; lastKnownFileType = folder.assetcatalog; path = Assets.xcassets; sourceTree = "<group>"; };
		5999F4A2289903EF004C61BA /* Base */ = {isa = PBXFileReference; lastKnownFileType = file.storyboard; name = Base; path = Base.lproj/LaunchScreen.storyboard; sourceTree = "<group>"; };
		5999F4A4289903EF004C61BA /* Info.plist */ = {isa = PBXFileReference; lastKnownFileType = text.plist.xml; path = Info.plist; sourceTree = "<group>"; };
		5999F4A9289903EF004C61BA /* EventsDemoAppTests.xctest */ = {isa = PBXFileReference; explicitFileType = wrapper.cfbundle; includeInIndex = 0; path = EventsDemoAppTests.xctest; sourceTree = BUILT_PRODUCTS_DIR; };
		5999F4AD289903EF004C61BA /* EventsDemoAppTests.swift */ = {isa = PBXFileReference; lastKnownFileType = sourcecode.swift; path = EventsDemoAppTests.swift; sourceTree = "<group>"; };
		5999F4B3289903EF004C61BA /* EventsDemoAppUITests.xctest */ = {isa = PBXFileReference; explicitFileType = wrapper.cfbundle; includeInIndex = 0; path = EventsDemoAppUITests.xctest; sourceTree = BUILT_PRODUCTS_DIR; };
		5999F4B7289903EF004C61BA /* EventsDemoAppUITests.swift */ = {isa = PBXFileReference; lastKnownFileType = sourcecode.swift; path = EventsDemoAppUITests.swift; sourceTree = "<group>"; };
		5999F4B9289903EF004C61BA /* EventsDemoAppUITestsLaunchTests.swift */ = {isa = PBXFileReference; lastKnownFileType = sourcecode.swift; path = EventsDemoAppUITestsLaunchTests.swift; sourceTree = "<group>"; };
		59FC43D5289C0FD400940B40 /* Base */ = {isa = PBXFileReference; lastKnownFileType = text.plist.strings; name = Base; path = Base.lproj/Localizable.strings; sourceTree = "<group>"; };
		59FC43D9289C1C3500940B40 /* Strings+Generated.swift */ = {isa = PBXFileReference; fileEncoding = 4; lastKnownFileType = sourcecode.swift; path = "Strings+Generated.swift"; sourceTree = "<group>"; };
		59FC43DB289C1D8D00940B40 /* XCAssets+Generated.swift */ = {isa = PBXFileReference; fileEncoding = 4; lastKnownFileType = sourcecode.swift; path = "XCAssets+Generated.swift"; sourceTree = "<group>"; };
		59FC43E6289C413100940B40 /* URLComponents.swift */ = {isa = PBXFileReference; fileEncoding = 4; lastKnownFileType = sourcecode.swift; path = URLComponents.swift; sourceTree = "<group>"; };
		59FC43E7289C413100940B40 /* Date.swift */ = {isa = PBXFileReference; fileEncoding = 4; lastKnownFileType = sourcecode.swift; path = Date.swift; sourceTree = "<group>"; };
		59FC43E8289C413100940B40 /* UIView.swift */ = {isa = PBXFileReference; fileEncoding = 4; lastKnownFileType = sourcecode.swift; path = UIView.swift; sourceTree = "<group>"; };
		59FC43E9289C413100940B40 /* ImageHelper.h */ = {isa = PBXFileReference; fileEncoding = 4; lastKnownFileType = sourcecode.c.h; path = ImageHelper.h; sourceTree = "<group>"; };
		59FC43EA289C413100940B40 /* CNContact.swift */ = {isa = PBXFileReference; fileEncoding = 4; lastKnownFileType = sourcecode.swift; path = CNContact.swift; sourceTree = "<group>"; };
		59FC43EB289C413100940B40 /* UIStackView.swift */ = {isa = PBXFileReference; fileEncoding = 4; lastKnownFileType = sourcecode.swift; path = UIStackView.swift; sourceTree = "<group>"; };
		59FC43EC289C413100940B40 /* UIColor.swift */ = {isa = PBXFileReference; fileEncoding = 4; lastKnownFileType = sourcecode.swift; path = UIColor.swift; sourceTree = "<group>"; };
		59FC43ED289C413100940B40 /* NSMutableAttributedString+Extensions.swift */ = {isa = PBXFileReference; fileEncoding = 4; lastKnownFileType = sourcecode.swift; path = "NSMutableAttributedString+Extensions.swift"; sourceTree = "<group>"; };
		59FC43EE289C413100940B40 /* UITableView.swift */ = {isa = PBXFileReference; fileEncoding = 4; lastKnownFileType = sourcecode.swift; path = UITableView.swift; sourceTree = "<group>"; };
		59FC43EF289C413100940B40 /* UIDevice.swift */ = {isa = PBXFileReference; fileEncoding = 4; lastKnownFileType = sourcecode.swift; path = UIDevice.swift; sourceTree = "<group>"; };
		59FC43F0289C413100940B40 /* MPVolumeView.swift */ = {isa = PBXFileReference; fileEncoding = 4; lastKnownFileType = sourcecode.swift; path = MPVolumeView.swift; sourceTree = "<group>"; };
		59FC43F1289C413100940B40 /* UITextField.swift */ = {isa = PBXFileReference; fileEncoding = 4; lastKnownFileType = sourcecode.swift; path = UITextField.swift; sourceTree = "<group>"; };
		59FC43F2289C413100940B40 /* MaterialColors.swift */ = {isa = PBXFileReference; fileEncoding = 4; lastKnownFileType = sourcecode.swift; path = MaterialColors.swift; sourceTree = "<group>"; };
		59FC43F3289C413100940B40 /* MaterialColors.h */ = {isa = PBXFileReference; fileEncoding = 4; lastKnownFileType = sourcecode.c.h; path = MaterialColors.h; sourceTree = "<group>"; };
		59FC43F4289C413100940B40 /* String.swift */ = {isa = PBXFileReference; fileEncoding = 4; lastKnownFileType = sourcecode.swift; path = String.swift; sourceTree = "<group>"; };
		59FC43F5289C413100940B40 /* ImageHelper.swift */ = {isa = PBXFileReference; fileEncoding = 4; lastKnownFileType = sourcecode.swift; path = ImageHelper.swift; sourceTree = "<group>"; };
		59FC43F6289C413100940B40 /* UIButton.swift */ = {isa = PBXFileReference; fileEncoding = 4; lastKnownFileType = sourcecode.swift; path = UIButton.swift; sourceTree = "<group>"; };
		59FC43F7289C413100940B40 /* UIViewController.swift */ = {isa = PBXFileReference; fileEncoding = 4; lastKnownFileType = sourcecode.swift; path = UIViewController.swift; sourceTree = "<group>"; };
		59FC43F8289C413100940B40 /* UIWindow.swift */ = {isa = PBXFileReference; fileEncoding = 4; lastKnownFileType = sourcecode.swift; path = UIWindow.swift; sourceTree = "<group>"; };
		59FC43F9289C413100940B40 /* UIFont.swift */ = {isa = PBXFileReference; fileEncoding = 4; lastKnownFileType = sourcecode.swift; path = UIFont.swift; sourceTree = "<group>"; };
		59FC43FA289C413100940B40 /* Checkbox.swift */ = {isa = PBXFileReference; fileEncoding = 4; lastKnownFileType = sourcecode.swift; path = Checkbox.swift; sourceTree = "<group>"; };
		59FC43FB289C413100940B40 /* UILabel.swift */ = {isa = PBXFileReference; fileEncoding = 4; lastKnownFileType = sourcecode.swift; path = UILabel.swift; sourceTree = "<group>"; };
		59FC43FC289C413100940B40 /* UIAlertController.swift */ = {isa = PBXFileReference; fileEncoding = 4; lastKnownFileType = sourcecode.swift; path = UIAlertController.swift; sourceTree = "<group>"; };
		59FC43FD289C413100940B40 /* UITextView.swift */ = {isa = PBXFileReference; fileEncoding = 4; lastKnownFileType = sourcecode.swift; path = UITextView.swift; sourceTree = "<group>"; };
		59FC4429289C420C00940B40 /* EventsCoodinator.swift */ = {isa = PBXFileReference; fileEncoding = 4; lastKnownFileType = sourcecode.swift; path = EventsCoodinator.swift; sourceTree = "<group>"; };
		59FC442A289C420C00940B40 /* EventsViewModel.swift */ = {isa = PBXFileReference; fileEncoding = 4; lastKnownFileType = sourcecode.swift; path = EventsViewModel.swift; sourceTree = "<group>"; };
		59FC4438289C420C00940B40 /* HomeViewModel.swift */ = {isa = PBXFileReference; fileEncoding = 4; lastKnownFileType = sourcecode.swift; path = HomeViewModel.swift; sourceTree = "<group>"; };
		59FC4439289C420C00940B40 /* HomeViewController.xib */ = {isa = PBXFileReference; fileEncoding = 4; lastKnownFileType = file.xib; path = HomeViewController.xib; sourceTree = "<group>"; };
		59FC443A289C420C00940B40 /* HomeViewController.swift */ = {isa = PBXFileReference; fileEncoding = 4; lastKnownFileType = sourcecode.swift; path = HomeViewController.swift; sourceTree = "<group>"; };
		59FC443B289C420C00940B40 /* TabCoordinator.swift */ = {isa = PBXFileReference; fileEncoding = 4; lastKnownFileType = sourcecode.swift; path = TabCoordinator.swift; sourceTree = "<group>"; };
		59FC4444289C420D00940B40 /* AppCoordinator.swift */ = {isa = PBXFileReference; fileEncoding = 4; lastKnownFileType = sourcecode.swift; path = AppCoordinator.swift; sourceTree = "<group>"; };
		59FC4445289C420D00940B40 /* BaseViewController.swift */ = {isa = PBXFileReference; fileEncoding = 4; lastKnownFileType = sourcecode.swift; path = BaseViewController.swift; sourceTree = "<group>"; };
		59FC4446289C420D00940B40 /* Storyboarded.swift */ = {isa = PBXFileReference; fileEncoding = 4; lastKnownFileType = sourcecode.swift; path = Storyboarded.swift; sourceTree = "<group>"; };
		59FC4448289C420D00940B40 /* BaseNavigationController.swift */ = {isa = PBXFileReference; fileEncoding = 4; lastKnownFileType = sourcecode.swift; path = BaseNavigationController.swift; sourceTree = "<group>"; };
		59FC444A289C420D00940B40 /* Coordinator.swift */ = {isa = PBXFileReference; fileEncoding = 4; lastKnownFileType = sourcecode.swift; path = Coordinator.swift; sourceTree = "<group>"; };
		59FC4461289C420F00940B40 /* UniversalLoader.swift */ = {isa = PBXFileReference; fileEncoding = 4; lastKnownFileType = sourcecode.swift; path = UniversalLoader.swift; sourceTree = "<group>"; };
		59FC44AA289C44CF00940B40 /* SchedulesViewModel.swift */ = {isa = PBXFileReference; lastKnownFileType = sourcecode.swift; path = SchedulesViewModel.swift; sourceTree = "<group>"; };
		59FC44B0289C44FC00940B40 /* SchedulesCoordinator.swift */ = {isa = PBXFileReference; lastKnownFileType = sourcecode.swift; path = SchedulesCoordinator.swift; sourceTree = "<group>"; };
		59FC44B2289C458800940B40 /* SchedulesViewController.swift */ = {isa = PBXFileReference; lastKnownFileType = sourcecode.swift; path = SchedulesViewController.swift; sourceTree = "<group>"; };
		59FC44B3289C458800940B40 /* SchedulesViewController.xib */ = {isa = PBXFileReference; lastKnownFileType = file.xib; path = SchedulesViewController.xib; sourceTree = "<group>"; };
		59FC44B6289C45ED00940B40 /* EventsViewController.swift */ = {isa = PBXFileReference; lastKnownFileType = sourcecode.swift; path = EventsViewController.swift; sourceTree = "<group>"; };
		59FC44B7289C45ED00940B40 /* EventsViewController.xib */ = {isa = PBXFileReference; lastKnownFileType = file.xib; path = EventsViewController.xib; sourceTree = "<group>"; };
		5E51D911555353067C5680D1 /* Pods-EventsDemoApp.release.xcconfig */ = {isa = PBXFileReference; includeInIndex = 1; lastKnownFileType = text.xcconfig; name = "Pods-EventsDemoApp.release.xcconfig"; path = "Target Support Files/Pods-EventsDemoApp/Pods-EventsDemoApp.release.xcconfig"; sourceTree = "<group>"; };
		7F146F0646E3978E14FA0E26 /* Pods-EventsDemoApp-EventsDemoAppUITests.debug.xcconfig */ = {isa = PBXFileReference; includeInIndex = 1; lastKnownFileType = text.xcconfig; name = "Pods-EventsDemoApp-EventsDemoAppUITests.debug.xcconfig"; path = "Target Support Files/Pods-EventsDemoApp-EventsDemoAppUITests/Pods-EventsDemoApp-EventsDemoAppUITests.debug.xcconfig"; sourceTree = "<group>"; };
		80FD66DD05CFBCCE19619D21 /* Pods_EventsDemoApp_EventsDemoAppUITests.framework */ = {isa = PBXFileReference; explicitFileType = wrapper.framework; includeInIndex = 0; path = Pods_EventsDemoApp_EventsDemoAppUITests.framework; sourceTree = BUILT_PRODUCTS_DIR; };
		A1510A480625E7F3070543BF /* Pods_EventsDemoAppTests.framework */ = {isa = PBXFileReference; explicitFileType = wrapper.framework; includeInIndex = 0; path = Pods_EventsDemoAppTests.framework; sourceTree = BUILT_PRODUCTS_DIR; };
		C24E9930D9255E35C8CC8357 /* Pods_EventsDemoApp.framework */ = {isa = PBXFileReference; explicitFileType = wrapper.framework; includeInIndex = 0; path = Pods_EventsDemoApp.framework; sourceTree = BUILT_PRODUCTS_DIR; };
		D3C3671402749D7B46BE5EF5 /* Pods-EventsDemoApp.debug.xcconfig */ = {isa = PBXFileReference; includeInIndex = 1; lastKnownFileType = text.xcconfig; name = "Pods-EventsDemoApp.debug.xcconfig"; path = "Target Support Files/Pods-EventsDemoApp/Pods-EventsDemoApp.debug.xcconfig"; sourceTree = "<group>"; };
		E9AEB125DC8C12976173D7F6 /* Pods-EventsDemoAppTests.debug.xcconfig */ = {isa = PBXFileReference; includeInIndex = 1; lastKnownFileType = text.xcconfig; name = "Pods-EventsDemoAppTests.debug.xcconfig"; path = "Target Support Files/Pods-EventsDemoAppTests/Pods-EventsDemoAppTests.debug.xcconfig"; sourceTree = "<group>"; };
		F1AA651C45B7F8DAA47A49FA /* Pods-EventsDemoAppTests.release.xcconfig */ = {isa = PBXFileReference; includeInIndex = 1; lastKnownFileType = text.xcconfig; name = "Pods-EventsDemoAppTests.release.xcconfig"; path = "Target Support Files/Pods-EventsDemoAppTests/Pods-EventsDemoAppTests.release.xcconfig"; sourceTree = "<group>"; };
/* End PBXFileReference section */

/* Begin PBXFrameworksBuildPhase section */
		5999F490289903E7004C61BA /* Frameworks */ = {
			isa = PBXFrameworksBuildPhase;
			buildActionMask = 2147483647;
			files = (
				BC46F7873A7AD2F39D91F151 /* Pods_EventsDemoApp.framework in Frameworks */,
			);
			runOnlyForDeploymentPostprocessing = 0;
		};
		5999F4A6289903EF004C61BA /* Frameworks */ = {
			isa = PBXFrameworksBuildPhase;
			buildActionMask = 2147483647;
			files = (
				8F66CDDA8CEF4747F4EEFFAD /* Pods_EventsDemoAppTests.framework in Frameworks */,
			);
			runOnlyForDeploymentPostprocessing = 0;
		};
		5999F4B0289903EF004C61BA /* Frameworks */ = {
			isa = PBXFrameworksBuildPhase;
			buildActionMask = 2147483647;
			files = (
				39EB2FE644C7DF866EBC0D61 /* Pods_EventsDemoApp_EventsDemoAppUITests.framework in Frameworks */,
			);
			runOnlyForDeploymentPostprocessing = 0;
		};
/* End PBXFrameworksBuildPhase section */

/* Begin PBXGroup section */
		5999F48A289903E6004C61BA = {
			isa = PBXGroup;
			children = (
				5999F495289903E7004C61BA /* EventsDemoApp */,
				5999F4AC289903EF004C61BA /* EventsDemoAppTests */,
				5999F4B6289903EF004C61BA /* EventsDemoAppUITests */,
				5999F494289903E7004C61BA /* Products */,
				B139D8A421F96479567EE1AF /* Pods */,
				782BE50268C0CF9825F19892 /* Frameworks */,
			);
			sourceTree = "<group>";
		};
		5999F494289903E7004C61BA /* Products */ = {
			isa = PBXGroup;
			children = (
				5999F493289903E7004C61BA /* EventsDemoApp.app */,
				5999F4A9289903EF004C61BA /* EventsDemoAppTests.xctest */,
				5999F4B3289903EF004C61BA /* EventsDemoAppUITests.xctest */,
			);
			name = Products;
			sourceTree = "<group>";
		};
		5999F495289903E7004C61BA /* EventsDemoApp */ = {
			isa = PBXGroup;
			children = (
				59FC4442289C420D00940B40 /* App */,
				59FC43D7289C1B1B00940B40 /* Resources */,
				59FC444D289C420E00940B40 /* Models */,
				59FC4415289C420C00940B40 /* Modules */,
				59FC4460289C420F00940B40 /* Networking */,
				59FC4451289C420E00940B40 /* Views */,
				59FC43E4289C413100940B40 /* Common */,
				5999F4A1289903EF004C61BA /* LaunchScreen.storyboard */,
				5999F4A4289903EF004C61BA /* Info.plist */,
			);
			path = EventsDemoApp;
			sourceTree = "<group>";
		};
		5999F4AC289903EF004C61BA /* EventsDemoAppTests */ = {
			isa = PBXGroup;
			children = (
				5999F4AD289903EF004C61BA /* EventsDemoAppTests.swift */,
			);
			path = EventsDemoAppTests;
			sourceTree = "<group>";
		};
		5999F4B6289903EF004C61BA /* EventsDemoAppUITests */ = {
			isa = PBXGroup;
			children = (
				5999F4B7289903EF004C61BA /* EventsDemoAppUITests.swift */,
				5999F4B9289903EF004C61BA /* EventsDemoAppUITestsLaunchTests.swift */,
			);
			path = EventsDemoAppUITests;
			sourceTree = "<group>";
		};
		59FC43D7289C1B1B00940B40 /* Resources */ = {
			isa = PBXGroup;
			children = (
				59FC43D4289C0FD400940B40 /* Localizable.strings */,
				5999F49F289903EF004C61BA /* Assets.xcassets */,
				59FC43DB289C1D8D00940B40 /* XCAssets+Generated.swift */,
				59FC43D9289C1C3500940B40 /* Strings+Generated.swift */,
			);
			path = Resources;
			sourceTree = "<group>";
		};
		59FC43E4289C413100940B40 /* Common */ = {
			isa = PBXGroup;
			children = (
				59FC43E5289C413100940B40 /* Extensions */,
				59FC43FE289C413100940B40 /* Protocols */,
			);
			path = Common;
			sourceTree = "<group>";
		};
		59FC43E5289C413100940B40 /* Extensions */ = {
			isa = PBXGroup;
			children = (
				59FC43E6289C413100940B40 /* URLComponents.swift */,
				59FC43E7289C413100940B40 /* Date.swift */,
				59FC43E8289C413100940B40 /* UIView.swift */,
				59FC43E9289C413100940B40 /* ImageHelper.h */,
				59FC43EA289C413100940B40 /* CNContact.swift */,
				59FC43EB289C413100940B40 /* UIStackView.swift */,
				59FC43EC289C413100940B40 /* UIColor.swift */,
				59FC43ED289C413100940B40 /* NSMutableAttributedString+Extensions.swift */,
				59FC43EE289C413100940B40 /* UITableView.swift */,
				59FC43EF289C413100940B40 /* UIDevice.swift */,
				59FC43F0289C413100940B40 /* MPVolumeView.swift */,
				59FC43F1289C413100940B40 /* UITextField.swift */,
				59FC43F2289C413100940B40 /* MaterialColors.swift */,
				59FC43F3289C413100940B40 /* MaterialColors.h */,
				59FC43F4289C413100940B40 /* String.swift */,
				59FC43F5289C413100940B40 /* ImageHelper.swift */,
				59FC43F6289C413100940B40 /* UIButton.swift */,
				59FC43F7289C413100940B40 /* UIViewController.swift */,
				59FC43F8289C413100940B40 /* UIWindow.swift */,
				59FC43F9289C413100940B40 /* UIFont.swift */,
				59FC43FA289C413100940B40 /* Checkbox.swift */,
				59FC43FB289C413100940B40 /* UILabel.swift */,
				59FC43FC289C413100940B40 /* UIAlertController.swift */,
				59FC43FD289C413100940B40 /* UITextView.swift */,
			);
			path = Extensions;
			sourceTree = "<group>";
		};
		59FC43FE289C413100940B40 /* Protocols */ = {
			isa = PBXGroup;
			children = (
			);
			path = Protocols;
			sourceTree = "<group>";
		};
		59FC4415289C420C00940B40 /* Modules */ = {
			isa = PBXGroup;
			children = (
				59FC44A9289C44B200940B40 /* Schedules */,
				59FC4428289C420C00940B40 /* Events */,
				59FC4436289C420C00940B40 /* Main */,
			);
			path = Modules;
			sourceTree = "<group>";
		};
		59FC4428289C420C00940B40 /* Events */ = {
			isa = PBXGroup;
			children = (
				59FC4429289C420C00940B40 /* EventsCoodinator.swift */,
				59FC442A289C420C00940B40 /* EventsViewModel.swift */,
				59FC44B6289C45ED00940B40 /* EventsViewController.swift */,
				59FC44B7289C45ED00940B40 /* EventsViewController.xib */,
			);
			path = Events;
			sourceTree = "<group>";
		};
		59FC4436289C420C00940B40 /* Main */ = {
			isa = PBXGroup;
			children = (
				59FC4437289C420C00940B40 /* home */,
			);
			path = Main;
			sourceTree = "<group>";
		};
		59FC4437289C420C00940B40 /* home */ = {
			isa = PBXGroup;
			children = (
				59FC4438289C420C00940B40 /* HomeViewModel.swift */,
				59FC443B289C420C00940B40 /* TabCoordinator.swift */,
				59FC443A289C420C00940B40 /* HomeViewController.swift */,
				59FC4439289C420C00940B40 /* HomeViewController.xib */,
			);
			path = home;
			sourceTree = "<group>";
		};
		59FC4442289C420D00940B40 /* App */ = {
			isa = PBXGroup;
			children = (
				59FC4444289C420D00940B40 /* AppCoordinator.swift */,
				59FC4445289C420D00940B40 /* BaseViewController.swift */,
				59FC4446289C420D00940B40 /* Storyboarded.swift */,
				59FC4448289C420D00940B40 /* BaseNavigationController.swift */,
				59FC444A289C420D00940B40 /* Coordinator.swift */,
				5999F496289903E7004C61BA /* AppDelegate.swift */,
				5999F498289903E7004C61BA /* SceneDelegate.swift */,
			);
			path = App;
			sourceTree = "<group>";
		};
		59FC444D289C420E00940B40 /* Models */ = {
			isa = PBXGroup;
			children = (
			);
			path = Models;
			sourceTree = "<group>";
		};
		59FC4451289C420E00940B40 /* Views */ = {
			isa = PBXGroup;
			children = (
			);
			path = Views;
			sourceTree = "<group>";
		};
		59FC4460289C420F00940B40 /* Networking */ = {
			isa = PBXGroup;
			children = (
				59FC4461289C420F00940B40 /* UniversalLoader.swift */,
				59FC4462289C420F00940B40 /* Responses */,
				59FC4466289C420F00940B40 /* Api */,
				59FC4468289C420F00940B40 /* Services */,
			);
			path = Networking;
			sourceTree = "<group>";
		};
		59FC4462289C420F00940B40 /* Responses */ = {
			isa = PBXGroup;
			children = (
			);
			path = Responses;
			sourceTree = "<group>";
		};
		59FC4466289C420F00940B40 /* Api */ = {
			isa = PBXGroup;
			children = (
			);
			path = Api;
			sourceTree = "<group>";
		};
		59FC4468289C420F00940B40 /* Services */ = {
			isa = PBXGroup;
			children = (
			);
			path = Services;
			sourceTree = "<group>";
		};
		59FC44A9289C44B200940B40 /* Schedules */ = {
			isa = PBXGroup;
			children = (
				59FC44B0289C44FC00940B40 /* SchedulesCoordinator.swift */,
				59FC44AA289C44CF00940B40 /* SchedulesViewModel.swift */,
				59FC44B2289C458800940B40 /* SchedulesViewController.swift */,
				59FC44B3289C458800940B40 /* SchedulesViewController.xib */,
			);
			path = Schedules;
			sourceTree = "<group>";
		};
		782BE50268C0CF9825F19892 /* Frameworks */ = {
			isa = PBXGroup;
			children = (
				C24E9930D9255E35C8CC8357 /* Pods_EventsDemoApp.framework */,
				80FD66DD05CFBCCE19619D21 /* Pods_EventsDemoApp_EventsDemoAppUITests.framework */,
				A1510A480625E7F3070543BF /* Pods_EventsDemoAppTests.framework */,
			);
			name = Frameworks;
			sourceTree = "<group>";
		};
		B139D8A421F96479567EE1AF /* Pods */ = {
			isa = PBXGroup;
			children = (
				D3C3671402749D7B46BE5EF5 /* Pods-EventsDemoApp.debug.xcconfig */,
				5E51D911555353067C5680D1 /* Pods-EventsDemoApp.release.xcconfig */,
				7F146F0646E3978E14FA0E26 /* Pods-EventsDemoApp-EventsDemoAppUITests.debug.xcconfig */,
				1E5A9E0CD505595B0CDFB542 /* Pods-EventsDemoApp-EventsDemoAppUITests.release.xcconfig */,
				E9AEB125DC8C12976173D7F6 /* Pods-EventsDemoAppTests.debug.xcconfig */,
				F1AA651C45B7F8DAA47A49FA /* Pods-EventsDemoAppTests.release.xcconfig */,
			);
			path = Pods;
			sourceTree = "<group>";
		};
/* End PBXGroup section */

/* Begin PBXNativeTarget section */
		5999F492289903E7004C61BA /* EventsDemoApp */ = {
			isa = PBXNativeTarget;
			buildConfigurationList = 5999F4BD289903F0004C61BA /* Build configuration list for PBXNativeTarget "EventsDemoApp" */;
			buildPhases = (
				1878EB4976F5D73CEA5C14AB /* [CP] Check Pods Manifest.lock */,
				5999F48F289903E7004C61BA /* Sources */,
				5999F490289903E7004C61BA /* Frameworks */,
				5999F491289903E7004C61BA /* Resources */,
				59FC43DD289C1E7F00940B40 /* SwiftGen */,
				59FC43DF289C299F00940B40 /* SwiftFormat */,
				99CFA73FA5D171DABA1E4FD1 /* [CP] Embed Pods Frameworks */,
			);
			buildRules = (
			);
			dependencies = (
			);
			name = EventsDemoApp;
			productName = EventsDemoApp;
			productReference = 5999F493289903E7004C61BA /* EventsDemoApp.app */;
			productType = "com.apple.product-type.application";
		};
		5999F4A8289903EF004C61BA /* EventsDemoAppTests */ = {
			isa = PBXNativeTarget;
			buildConfigurationList = 5999F4C0289903F0004C61BA /* Build configuration list for PBXNativeTarget "EventsDemoAppTests" */;
			buildPhases = (
				91059C6621BA67117EB48C79 /* [CP] Check Pods Manifest.lock */,
				5999F4A5289903EF004C61BA /* Sources */,
				5999F4A6289903EF004C61BA /* Frameworks */,
				5999F4A7289903EF004C61BA /* Resources */,
			);
			buildRules = (
			);
			dependencies = (
				5999F4AB289903EF004C61BA /* PBXTargetDependency */,
			);
			name = EventsDemoAppTests;
			productName = EventsDemoAppTests;
			productReference = 5999F4A9289903EF004C61BA /* EventsDemoAppTests.xctest */;
			productType = "com.apple.product-type.bundle.unit-test";
		};
		5999F4B2289903EF004C61BA /* EventsDemoAppUITests */ = {
			isa = PBXNativeTarget;
			buildConfigurationList = 5999F4C3289903F0004C61BA /* Build configuration list for PBXNativeTarget "EventsDemoAppUITests" */;
			buildPhases = (
				A5D02BF086B01B1F90EA8F80 /* [CP] Check Pods Manifest.lock */,
				5999F4AF289903EF004C61BA /* Sources */,
				5999F4B0289903EF004C61BA /* Frameworks */,
				5999F4B1289903EF004C61BA /* Resources */,
				BEE24E250041E06D7F625246 /* [CP] Embed Pods Frameworks */,
			);
			buildRules = (
			);
			dependencies = (
				5999F4B5289903EF004C61BA /* PBXTargetDependency */,
			);
			name = EventsDemoAppUITests;
			productName = EventsDemoAppUITests;
			productReference = 5999F4B3289903EF004C61BA /* EventsDemoAppUITests.xctest */;
			productType = "com.apple.product-type.bundle.ui-testing";
		};
/* End PBXNativeTarget section */

/* Begin PBXProject section */
		5999F48B289903E6004C61BA /* Project object */ = {
			isa = PBXProject;
			attributes = {
				BuildIndependentTargetsInParallel = 1;
				LastSwiftUpdateCheck = 1330;
				LastUpgradeCheck = 1330;
				TargetAttributes = {
					5999F492289903E7004C61BA = {
						CreatedOnToolsVersion = 13.3.1;
					};
					5999F4A8289903EF004C61BA = {
						CreatedOnToolsVersion = 13.3.1;
						TestTargetID = 5999F492289903E7004C61BA;
					};
					5999F4B2289903EF004C61BA = {
						CreatedOnToolsVersion = 13.3.1;
						TestTargetID = 5999F492289903E7004C61BA;
					};
				};
			};
			buildConfigurationList = 5999F48E289903E7004C61BA /* Build configuration list for PBXProject "EventsDemoApp" */;
			compatibilityVersion = "Xcode 13.0";
			developmentRegion = en;
			hasScannedForEncodings = 0;
			knownRegions = (
				en,
				Base,
			);
			mainGroup = 5999F48A289903E6004C61BA;
			productRefGroup = 5999F494289903E7004C61BA /* Products */;
			projectDirPath = "";
			projectRoot = "";
			targets = (
				5999F492289903E7004C61BA /* EventsDemoApp */,
				5999F4A8289903EF004C61BA /* EventsDemoAppTests */,
				5999F4B2289903EF004C61BA /* EventsDemoAppUITests */,
			);
		};
/* End PBXProject section */

/* Begin PBXResourcesBuildPhase section */
		5999F491289903E7004C61BA /* Resources */ = {
			isa = PBXResourcesBuildPhase;
			buildActionMask = 2147483647;
			files = (
				59FC44B5289C458800940B40 /* SchedulesViewController.xib in Resources */,
				59FC44B9289C45ED00940B40 /* EventsViewController.xib in Resources */,
				5999F4A3289903EF004C61BA /* LaunchScreen.storyboard in Resources */,
				59FC4485289C420F00940B40 /* HomeViewController.xib in Resources */,
				59FC43D6289C0FD400940B40 /* Localizable.strings in Resources */,
				5999F4A0289903EF004C61BA /* Assets.xcassets in Resources */,
			);
			runOnlyForDeploymentPostprocessing = 0;
		};
		5999F4A7289903EF004C61BA /* Resources */ = {
			isa = PBXResourcesBuildPhase;
			buildActionMask = 2147483647;
			files = (
			);
			runOnlyForDeploymentPostprocessing = 0;
		};
		5999F4B1289903EF004C61BA /* Resources */ = {
			isa = PBXResourcesBuildPhase;
			buildActionMask = 2147483647;
			files = (
			);
			runOnlyForDeploymentPostprocessing = 0;
		};
/* End PBXResourcesBuildPhase section */

/* Begin PBXShellScriptBuildPhase section */
		1878EB4976F5D73CEA5C14AB /* [CP] Check Pods Manifest.lock */ = {
			isa = PBXShellScriptBuildPhase;
			buildActionMask = 2147483647;
			files = (
			);
			inputFileListPaths = (
			);
			inputPaths = (
				"${PODS_PODFILE_DIR_PATH}/Podfile.lock",
				"${PODS_ROOT}/Manifest.lock",
			);
			name = "[CP] Check Pods Manifest.lock";
			outputFileListPaths = (
			);
			outputPaths = (
				"$(DERIVED_FILE_DIR)/Pods-EventsDemoApp-checkManifestLockResult.txt",
			);
			runOnlyForDeploymentPostprocessing = 0;
			shellPath = /bin/sh;
			shellScript = "diff \"${PODS_PODFILE_DIR_PATH}/Podfile.lock\" \"${PODS_ROOT}/Manifest.lock\" > /dev/null\nif [ $? != 0 ] ; then\n    # print error to STDERR\n    echo \"error: The sandbox is not in sync with the Podfile.lock. Run 'pod install' or update your CocoaPods installation.\" >&2\n    exit 1\nfi\n# This output is used by Xcode 'outputs' to avoid re-running this script phase.\necho \"SUCCESS\" > \"${SCRIPT_OUTPUT_FILE_0}\"\n";
			showEnvVarsInLog = 0;
		};
		59FC43DD289C1E7F00940B40 /* SwiftGen */ = {
			isa = PBXShellScriptBuildPhase;
			buildActionMask = 2147483647;
			files = (
			);
			inputFileListPaths = (
			);
			inputPaths = (
			);
			name = SwiftGen;
			outputFileListPaths = (
			);
			outputPaths = (
			);
			runOnlyForDeploymentPostprocessing = 0;
			shellPath = /bin/sh;
			shellScript = "swiftGen\n";
		};
		59FC43DF289C299F00940B40 /* SwiftFormat */ = {
			isa = PBXShellScriptBuildPhase;
			buildActionMask = 2147483647;
			files = (
			);
			inputFileListPaths = (
			);
			inputPaths = (
			);
			name = SwiftFormat;
			outputFileListPaths = (
			);
			outputPaths = (
			);
			runOnlyForDeploymentPostprocessing = 0;
			shellPath = /bin/sh;
			shellScript = "if which swiftformat >/dev/null; then\n    swiftformat --stripunusedargs \"unnamed-only\" --commas inline --disable redundantSelf --disable spaceAroundComments \"${SRCROOT}/EventsDemoApp\" --swiftversion 5\nelse\n  echo \"warning: SwiftFormat not installed, do `\\$ brew install swiftformat`\"\nfi\n";
		};
		91059C6621BA67117EB48C79 /* [CP] Check Pods Manifest.lock */ = {
			isa = PBXShellScriptBuildPhase;
			buildActionMask = 2147483647;
			files = (
			);
			inputFileListPaths = (
			);
			inputPaths = (
				"${PODS_PODFILE_DIR_PATH}/Podfile.lock",
				"${PODS_ROOT}/Manifest.lock",
			);
			name = "[CP] Check Pods Manifest.lock";
			outputFileListPaths = (
			);
			outputPaths = (
				"$(DERIVED_FILE_DIR)/Pods-EventsDemoAppTests-checkManifestLockResult.txt",
			);
			runOnlyForDeploymentPostprocessing = 0;
			shellPath = /bin/sh;
			shellScript = "diff \"${PODS_PODFILE_DIR_PATH}/Podfile.lock\" \"${PODS_ROOT}/Manifest.lock\" > /dev/null\nif [ $? != 0 ] ; then\n    # print error to STDERR\n    echo \"error: The sandbox is not in sync with the Podfile.lock. Run 'pod install' or update your CocoaPods installation.\" >&2\n    exit 1\nfi\n# This output is used by Xcode 'outputs' to avoid re-running this script phase.\necho \"SUCCESS\" > \"${SCRIPT_OUTPUT_FILE_0}\"\n";
			showEnvVarsInLog = 0;
		};
		99CFA73FA5D171DABA1E4FD1 /* [CP] Embed Pods Frameworks */ = {
			isa = PBXShellScriptBuildPhase;
			buildActionMask = 2147483647;
			files = (
			);
			inputFileListPaths = (
				"${PODS_ROOT}/Target Support Files/Pods-EventsDemoApp/Pods-EventsDemoApp-frameworks-${CONFIGURATION}-input-files.xcfilelist",
			);
			name = "[CP] Embed Pods Frameworks";
			outputFileListPaths = (
				"${PODS_ROOT}/Target Support Files/Pods-EventsDemoApp/Pods-EventsDemoApp-frameworks-${CONFIGURATION}-output-files.xcfilelist",
			);
			runOnlyForDeploymentPostprocessing = 0;
			shellPath = /bin/sh;
			shellScript = "\"${PODS_ROOT}/Target Support Files/Pods-EventsDemoApp/Pods-EventsDemoApp-frameworks.sh\"\n";
			showEnvVarsInLog = 0;
		};
		A5D02BF086B01B1F90EA8F80 /* [CP] Check Pods Manifest.lock */ = {
			isa = PBXShellScriptBuildPhase;
			buildActionMask = 2147483647;
			files = (
			);
			inputFileListPaths = (
			);
			inputPaths = (
				"${PODS_PODFILE_DIR_PATH}/Podfile.lock",
				"${PODS_ROOT}/Manifest.lock",
			);
			name = "[CP] Check Pods Manifest.lock";
			outputFileListPaths = (
			);
			outputPaths = (
				"$(DERIVED_FILE_DIR)/Pods-EventsDemoApp-EventsDemoAppUITests-checkManifestLockResult.txt",
			);
			runOnlyForDeploymentPostprocessing = 0;
			shellPath = /bin/sh;
			shellScript = "diff \"${PODS_PODFILE_DIR_PATH}/Podfile.lock\" \"${PODS_ROOT}/Manifest.lock\" > /dev/null\nif [ $? != 0 ] ; then\n    # print error to STDERR\n    echo \"error: The sandbox is not in sync with the Podfile.lock. Run 'pod install' or update your CocoaPods installation.\" >&2\n    exit 1\nfi\n# This output is used by Xcode 'outputs' to avoid re-running this script phase.\necho \"SUCCESS\" > \"${SCRIPT_OUTPUT_FILE_0}\"\n";
			showEnvVarsInLog = 0;
		};
		BEE24E250041E06D7F625246 /* [CP] Embed Pods Frameworks */ = {
			isa = PBXShellScriptBuildPhase;
			buildActionMask = 2147483647;
			files = (
			);
			inputFileListPaths = (
				"${PODS_ROOT}/Target Support Files/Pods-EventsDemoApp-EventsDemoAppUITests/Pods-EventsDemoApp-EventsDemoAppUITests-frameworks-${CONFIGURATION}-input-files.xcfilelist",
			);
			name = "[CP] Embed Pods Frameworks";
			outputFileListPaths = (
				"${PODS_ROOT}/Target Support Files/Pods-EventsDemoApp-EventsDemoAppUITests/Pods-EventsDemoApp-EventsDemoAppUITests-frameworks-${CONFIGURATION}-output-files.xcfilelist",
			);
			runOnlyForDeploymentPostprocessing = 0;
			shellPath = /bin/sh;
			shellScript = "\"${PODS_ROOT}/Target Support Files/Pods-EventsDemoApp-EventsDemoAppUITests/Pods-EventsDemoApp-EventsDemoAppUITests-frameworks.sh\"\n";
			showEnvVarsInLog = 0;
		};
/* End PBXShellScriptBuildPhase section */

/* Begin PBXSourcesBuildPhase section */
		5999F48F289903E7004C61BA /* Sources */ = {
			isa = PBXSourcesBuildPhase;
			buildActionMask = 2147483647;
			files = (
				59FC4401289C413100940B40 /* UIView.swift in Sources */,
				59FC43DC289C1D8D00940B40 /* XCAssets+Generated.swift in Sources */,
				59FC4410289C413100940B40 /* UIFont.swift in Sources */,
				59FC448E289C420F00940B40 /* BaseViewController.swift in Sources */,
				59FC4484289C420F00940B40 /* HomeViewModel.swift in Sources */,
				59FC448F289C420F00940B40 /* Storyboarded.swift in Sources */,
				59FC44AB289C44CF00940B40 /* SchedulesViewModel.swift in Sources */,
				59FC4414289C413100940B40 /* UITextView.swift in Sources */,
				59FC4487289C420F00940B40 /* TabCoordinator.swift in Sources */,
				59FC4409289C413100940B40 /* UITextField.swift in Sources */,
				59FC44B8289C45ED00940B40 /* EventsViewController.swift in Sources */,
				59FC4412289C413100940B40 /* UILabel.swift in Sources */,
				59FC4493289C420F00940B40 /* Coordinator.swift in Sources */,
				59FC4400289C413100940B40 /* Date.swift in Sources */,
				59FC4486289C420F00940B40 /* HomeViewController.swift in Sources */,
				5999F497289903E7004C61BA /* AppDelegate.swift in Sources */,
				59FC4402289C413100940B40 /* CNContact.swift in Sources */,
				59FC44A3289C420F00940B40 /* UniversalLoader.swift in Sources */,
				59FC4411289C413100940B40 /* Checkbox.swift in Sources */,
				59FC440C289C413100940B40 /* ImageHelper.swift in Sources */,
				59FC4405289C413100940B40 /* NSMutableAttributedString+Extensions.swift in Sources */,
				59FC4413289C413100940B40 /* UIAlertController.swift in Sources */,
				59FC43FF289C413100940B40 /* URLComponents.swift in Sources */,
				59FC447A289C420F00940B40 /* EventsViewModel.swift in Sources */,
				59FC4404289C413100940B40 /* UIColor.swift in Sources */,
				59FC4403289C413100940B40 /* UIStackView.swift in Sources */,
				59FC4408289C413100940B40 /* MPVolumeView.swift in Sources */,
				59FC4491289C420F00940B40 /* BaseNavigationController.swift in Sources */,
				59FC44B1289C44FC00940B40 /* SchedulesCoordinator.swift in Sources */,
				59FC440B289C413100940B40 /* String.swift in Sources */,
				59FC440E289C413100940B40 /* UIViewController.swift in Sources */,
				59FC440F289C413100940B40 /* UIWindow.swift in Sources */,
				59FC4406289C413100940B40 /* UITableView.swift in Sources */,
				59FC440D289C413100940B40 /* UIButton.swift in Sources */,
				59FC44B4289C458800940B40 /* SchedulesViewController.swift in Sources */,
				59FC4479289C420F00940B40 /* EventsCoodinator.swift in Sources */,
				59FC43DA289C1C3500940B40 /* Strings+Generated.swift in Sources */,
				5999F499289903E7004C61BA /* SceneDelegate.swift in Sources */,
				59FC448D289C420F00940B40 /* AppCoordinator.swift in Sources */,
				59FC440A289C413100940B40 /* MaterialColors.swift in Sources */,
				59FC4407289C413100940B40 /* UIDevice.swift in Sources */,
			);
			runOnlyForDeploymentPostprocessing = 0;
		};
		5999F4A5289903EF004C61BA /* Sources */ = {
			isa = PBXSourcesBuildPhase;
			buildActionMask = 2147483647;
			files = (
				5999F4AE289903EF004C61BA /* EventsDemoAppTests.swift in Sources */,
			);
			runOnlyForDeploymentPostprocessing = 0;
		};
		5999F4AF289903EF004C61BA /* Sources */ = {
			isa = PBXSourcesBuildPhase;
			buildActionMask = 2147483647;
			files = (
				5999F4BA289903EF004C61BA /* EventsDemoAppUITestsLaunchTests.swift in Sources */,
				5999F4B8289903EF004C61BA /* EventsDemoAppUITests.swift in Sources */,
			);
			runOnlyForDeploymentPostprocessing = 0;
		};
/* End PBXSourcesBuildPhase section */

/* Begin PBXTargetDependency section */
		5999F4AB289903EF004C61BA /* PBXTargetDependency */ = {
			isa = PBXTargetDependency;
			target = 5999F492289903E7004C61BA /* EventsDemoApp */;
			targetProxy = 5999F4AA289903EF004C61BA /* PBXContainerItemProxy */;
		};
		5999F4B5289903EF004C61BA /* PBXTargetDependency */ = {
			isa = PBXTargetDependency;
			target = 5999F492289903E7004C61BA /* EventsDemoApp */;
			targetProxy = 5999F4B4289903EF004C61BA /* PBXContainerItemProxy */;
		};
/* End PBXTargetDependency section */

/* Begin PBXVariantGroup section */
		5999F4A1289903EF004C61BA /* LaunchScreen.storyboard */ = {
			isa = PBXVariantGroup;
			children = (
				5999F4A2289903EF004C61BA /* Base */,
			);
			name = LaunchScreen.storyboard;
			sourceTree = "<group>";
		};
		59FC43D4289C0FD400940B40 /* Localizable.strings */ = {
			isa = PBXVariantGroup;
			children = (
				59FC43D5289C0FD400940B40 /* Base */,
			);
			name = Localizable.strings;
			sourceTree = "<group>";
		};
/* End PBXVariantGroup section */

/* Begin XCBuildConfiguration section */
		5999F4BB289903EF004C61BA /* Debug */ = {
			isa = XCBuildConfiguration;
			buildSettings = {
				ALWAYS_SEARCH_USER_PATHS = NO;
				CLANG_ANALYZER_NONNULL = YES;
				CLANG_ANALYZER_NUMBER_OBJECT_CONVERSION = YES_AGGRESSIVE;
				CLANG_CXX_LANGUAGE_STANDARD = "gnu++17";
				CLANG_ENABLE_MODULES = YES;
				CLANG_ENABLE_OBJC_ARC = YES;
				CLANG_ENABLE_OBJC_WEAK = YES;
				CLANG_WARN_BLOCK_CAPTURE_AUTORELEASING = YES;
				CLANG_WARN_BOOL_CONVERSION = YES;
				CLANG_WARN_COMMA = YES;
				CLANG_WARN_CONSTANT_CONVERSION = YES;
				CLANG_WARN_DEPRECATED_OBJC_IMPLEMENTATIONS = YES;
				CLANG_WARN_DIRECT_OBJC_ISA_USAGE = YES_ERROR;
				CLANG_WARN_DOCUMENTATION_COMMENTS = YES;
				CLANG_WARN_EMPTY_BODY = YES;
				CLANG_WARN_ENUM_CONVERSION = YES;
				CLANG_WARN_INFINITE_RECURSION = YES;
				CLANG_WARN_INT_CONVERSION = YES;
				CLANG_WARN_NON_LITERAL_NULL_CONVERSION = YES;
				CLANG_WARN_OBJC_IMPLICIT_RETAIN_SELF = YES;
				CLANG_WARN_OBJC_LITERAL_CONVERSION = YES;
				CLANG_WARN_OBJC_ROOT_CLASS = YES_ERROR;
				CLANG_WARN_QUOTED_INCLUDE_IN_FRAMEWORK_HEADER = YES;
				CLANG_WARN_RANGE_LOOP_ANALYSIS = YES;
				CLANG_WARN_STRICT_PROTOTYPES = YES;
				CLANG_WARN_SUSPICIOUS_MOVE = YES;
				CLANG_WARN_UNGUARDED_AVAILABILITY = YES_AGGRESSIVE;
				CLANG_WARN_UNREACHABLE_CODE = YES;
				CLANG_WARN__DUPLICATE_METHOD_MATCH = YES;
				COPY_PHASE_STRIP = NO;
				DEBUG_INFORMATION_FORMAT = dwarf;
				ENABLE_STRICT_OBJC_MSGSEND = YES;
				ENABLE_TESTABILITY = YES;
				GCC_C_LANGUAGE_STANDARD = gnu11;
				GCC_DYNAMIC_NO_PIC = NO;
				GCC_NO_COMMON_BLOCKS = YES;
				GCC_OPTIMIZATION_LEVEL = 0;
				GCC_PREPROCESSOR_DEFINITIONS = (
					"DEBUG=1",
					"$(inherited)",
				);
				GCC_WARN_64_TO_32_BIT_CONVERSION = YES;
				GCC_WARN_ABOUT_RETURN_TYPE = YES_ERROR;
				GCC_WARN_UNDECLARED_SELECTOR = YES;
				GCC_WARN_UNINITIALIZED_AUTOS = YES_AGGRESSIVE;
				GCC_WARN_UNUSED_FUNCTION = YES;
				GCC_WARN_UNUSED_VARIABLE = YES;
				IPHONEOS_DEPLOYMENT_TARGET = 13.0;
				MTL_ENABLE_DEBUG_INFO = INCLUDE_SOURCE;
				MTL_FAST_MATH = YES;
				ONLY_ACTIVE_ARCH = YES;
				SDKROOT = iphoneos;
				SWIFT_ACTIVE_COMPILATION_CONDITIONS = DEBUG;
				SWIFT_OPTIMIZATION_LEVEL = "-Onone";
			};
			name = Debug;
		};
		5999F4BC289903EF004C61BA /* Release */ = {
			isa = XCBuildConfiguration;
			buildSettings = {
				ALWAYS_SEARCH_USER_PATHS = NO;
				CLANG_ANALYZER_NONNULL = YES;
				CLANG_ANALYZER_NUMBER_OBJECT_CONVERSION = YES_AGGRESSIVE;
				CLANG_CXX_LANGUAGE_STANDARD = "gnu++17";
				CLANG_ENABLE_MODULES = YES;
				CLANG_ENABLE_OBJC_ARC = YES;
				CLANG_ENABLE_OBJC_WEAK = YES;
				CLANG_WARN_BLOCK_CAPTURE_AUTORELEASING = YES;
				CLANG_WARN_BOOL_CONVERSION = YES;
				CLANG_WARN_COMMA = YES;
				CLANG_WARN_CONSTANT_CONVERSION = YES;
				CLANG_WARN_DEPRECATED_OBJC_IMPLEMENTATIONS = YES;
				CLANG_WARN_DIRECT_OBJC_ISA_USAGE = YES_ERROR;
				CLANG_WARN_DOCUMENTATION_COMMENTS = YES;
				CLANG_WARN_EMPTY_BODY = YES;
				CLANG_WARN_ENUM_CONVERSION = YES;
				CLANG_WARN_INFINITE_RECURSION = YES;
				CLANG_WARN_INT_CONVERSION = YES;
				CLANG_WARN_NON_LITERAL_NULL_CONVERSION = YES;
				CLANG_WARN_OBJC_IMPLICIT_RETAIN_SELF = YES;
				CLANG_WARN_OBJC_LITERAL_CONVERSION = YES;
				CLANG_WARN_OBJC_ROOT_CLASS = YES_ERROR;
				CLANG_WARN_QUOTED_INCLUDE_IN_FRAMEWORK_HEADER = YES;
				CLANG_WARN_RANGE_LOOP_ANALYSIS = YES;
				CLANG_WARN_STRICT_PROTOTYPES = YES;
				CLANG_WARN_SUSPICIOUS_MOVE = YES;
				CLANG_WARN_UNGUARDED_AVAILABILITY = YES_AGGRESSIVE;
				CLANG_WARN_UNREACHABLE_CODE = YES;
				CLANG_WARN__DUPLICATE_METHOD_MATCH = YES;
				COPY_PHASE_STRIP = NO;
				DEBUG_INFORMATION_FORMAT = "dwarf-with-dsym";
				ENABLE_NS_ASSERTIONS = NO;
				ENABLE_STRICT_OBJC_MSGSEND = YES;
				GCC_C_LANGUAGE_STANDARD = gnu11;
				GCC_NO_COMMON_BLOCKS = YES;
				GCC_WARN_64_TO_32_BIT_CONVERSION = YES;
				GCC_WARN_ABOUT_RETURN_TYPE = YES_ERROR;
				GCC_WARN_UNDECLARED_SELECTOR = YES;
				GCC_WARN_UNINITIALIZED_AUTOS = YES_AGGRESSIVE;
				GCC_WARN_UNUSED_FUNCTION = YES;
				GCC_WARN_UNUSED_VARIABLE = YES;
				IPHONEOS_DEPLOYMENT_TARGET = 13.0;
				MTL_ENABLE_DEBUG_INFO = NO;
				MTL_FAST_MATH = YES;
				SDKROOT = iphoneos;
				SWIFT_COMPILATION_MODE = wholemodule;
				SWIFT_OPTIMIZATION_LEVEL = "-O";
				VALIDATE_PRODUCT = YES;
			};
			name = Release;
		};
		5999F4BE289903F0004C61BA /* Debug */ = {
			isa = XCBuildConfiguration;
			baseConfigurationReference = D3C3671402749D7B46BE5EF5 /* Pods-EventsDemoApp.debug.xcconfig */;
			buildSettings = {
				ASSETCATALOG_COMPILER_APPICON_NAME = AppIcon;
				ASSETCATALOG_COMPILER_GLOBAL_ACCENT_COLOR_NAME = AccentColor;
				CODE_SIGN_STYLE = Automatic;
				CURRENT_PROJECT_VERSION = 1;
				DEVELOPMENT_TEAM = XDVS29F4FT;
				GENERATE_INFOPLIST_FILE = YES;
				INFOPLIST_FILE = EventsDemoApp/Info.plist;
				INFOPLIST_KEY_UIApplicationSupportsIndirectInputEvents = YES;
				INFOPLIST_KEY_UILaunchStoryboardName = LaunchScreen;
				INFOPLIST_KEY_UISupportedInterfaceOrientations_iPad = "UIInterfaceOrientationPortrait UIInterfaceOrientationPortraitUpsideDown UIInterfaceOrientationLandscapeLeft UIInterfaceOrientationLandscapeRight";
				INFOPLIST_KEY_UISupportedInterfaceOrientations_iPhone = "UIInterfaceOrientationPortrait UIInterfaceOrientationLandscapeLeft UIInterfaceOrientationLandscapeRight";
				LD_RUNPATH_SEARCH_PATHS = (
					"$(inherited)",
					"@executable_path/Frameworks",
				);
				MARKETING_VERSION = 1.0;
				PRODUCT_BUNDLE_IDENTIFIER = edwin.weru.EventsDemoApp;
				PRODUCT_NAME = "$(TARGET_NAME)";
				SWIFT_EMIT_LOC_STRINGS = YES;
				SWIFT_VERSION = 5.0;
				TARGETED_DEVICE_FAMILY = "1,2";
			};
			name = Debug;
		};
		5999F4BF289903F0004C61BA /* Release */ = {
			isa = XCBuildConfiguration;
			baseConfigurationReference = 5E51D911555353067C5680D1 /* Pods-EventsDemoApp.release.xcconfig */;
			buildSettings = {
				ASSETCATALOG_COMPILER_APPICON_NAME = AppIcon;
				ASSETCATALOG_COMPILER_GLOBAL_ACCENT_COLOR_NAME = AccentColor;
				CODE_SIGN_STYLE = Automatic;
				CURRENT_PROJECT_VERSION = 1;
				DEVELOPMENT_TEAM = XDVS29F4FT;
				GENERATE_INFOPLIST_FILE = YES;
				INFOPLIST_FILE = EventsDemoApp/Info.plist;
				INFOPLIST_KEY_UIApplicationSupportsIndirectInputEvents = YES;
				INFOPLIST_KEY_UILaunchStoryboardName = LaunchScreen;
				INFOPLIST_KEY_UISupportedInterfaceOrientations_iPad = "UIInterfaceOrientationPortrait UIInterfaceOrientationPortraitUpsideDown UIInterfaceOrientationLandscapeLeft UIInterfaceOrientationLandscapeRight";
				INFOPLIST_KEY_UISupportedInterfaceOrientations_iPhone = "UIInterfaceOrientationPortrait UIInterfaceOrientationLandscapeLeft UIInterfaceOrientationLandscapeRight";
				LD_RUNPATH_SEARCH_PATHS = (
					"$(inherited)",
					"@executable_path/Frameworks",
				);
				MARKETING_VERSION = 1.0;
				PRODUCT_BUNDLE_IDENTIFIER = edwin.weru.EventsDemoApp;
				PRODUCT_NAME = "$(TARGET_NAME)";
				SWIFT_EMIT_LOC_STRINGS = YES;
				SWIFT_VERSION = 5.0;
				TARGETED_DEVICE_FAMILY = "1,2";
			};
			name = Release;
		};
		5999F4C1289903F0004C61BA /* Debug */ = {
			isa = XCBuildConfiguration;
			baseConfigurationReference = E9AEB125DC8C12976173D7F6 /* Pods-EventsDemoAppTests.debug.xcconfig */;
			buildSettings = {
				ALWAYS_EMBED_SWIFT_STANDARD_LIBRARIES = YES;
				BUNDLE_LOADER = "$(TEST_HOST)";
				CODE_SIGN_STYLE = Automatic;
				CURRENT_PROJECT_VERSION = 1;
				DEVELOPMENT_TEAM = XDVS29F4FT;
				GENERATE_INFOPLIST_FILE = YES;
				IPHONEOS_DEPLOYMENT_TARGET = 15.4;
				MARKETING_VERSION = 1.0;
				PRODUCT_BUNDLE_IDENTIFIER = edwin.weru.EventsDemoAppTests;
				PRODUCT_NAME = "$(TARGET_NAME)";
				SWIFT_EMIT_LOC_STRINGS = NO;
				SWIFT_VERSION = 5.0;
				TARGETED_DEVICE_FAMILY = "1,2";
				TEST_HOST = "$(BUILT_PRODUCTS_DIR)/EventsDemoApp.app/EventsDemoApp";
			};
			name = Debug;
		};
		5999F4C2289903F0004C61BA /* Release */ = {
			isa = XCBuildConfiguration;
			baseConfigurationReference = F1AA651C45B7F8DAA47A49FA /* Pods-EventsDemoAppTests.release.xcconfig */;
			buildSettings = {
				ALWAYS_EMBED_SWIFT_STANDARD_LIBRARIES = YES;
				BUNDLE_LOADER = "$(TEST_HOST)";
				CODE_SIGN_STYLE = Automatic;
				CURRENT_PROJECT_VERSION = 1;
				DEVELOPMENT_TEAM = XDVS29F4FT;
				GENERATE_INFOPLIST_FILE = YES;
				IPHONEOS_DEPLOYMENT_TARGET = 15.4;
				MARKETING_VERSION = 1.0;
				PRODUCT_BUNDLE_IDENTIFIER = edwin.weru.EventsDemoAppTests;
				PRODUCT_NAME = "$(TARGET_NAME)";
				SWIFT_EMIT_LOC_STRINGS = NO;
				SWIFT_VERSION = 5.0;
				TARGETED_DEVICE_FAMILY = "1,2";
				TEST_HOST = "$(BUILT_PRODUCTS_DIR)/EventsDemoApp.app/EventsDemoApp";
			};
			name = Release;
		};
		5999F4C4289903F0004C61BA /* Debug */ = {
			isa = XCBuildConfiguration;
			baseConfigurationReference = 7F146F0646E3978E14FA0E26 /* Pods-EventsDemoApp-EventsDemoAppUITests.debug.xcconfig */;
			buildSettings = {
				ALWAYS_EMBED_SWIFT_STANDARD_LIBRARIES = YES;
				CODE_SIGN_STYLE = Automatic;
				CURRENT_PROJECT_VERSION = 1;
				DEVELOPMENT_TEAM = XDVS29F4FT;
				GENERATE_INFOPLIST_FILE = YES;
				MARKETING_VERSION = 1.0;
				PRODUCT_BUNDLE_IDENTIFIER = edwin.weru.EventsDemoAppUITests;
				PRODUCT_NAME = "$(TARGET_NAME)";
				SWIFT_EMIT_LOC_STRINGS = NO;
				SWIFT_VERSION = 5.0;
				TARGETED_DEVICE_FAMILY = "1,2";
				TEST_TARGET_NAME = EventsDemoApp;
			};
			name = Debug;
		};
		5999F4C5289903F0004C61BA /* Release */ = {
			isa = XCBuildConfiguration;
			baseConfigurationReference = 1E5A9E0CD505595B0CDFB542 /* Pods-EventsDemoApp-EventsDemoAppUITests.release.xcconfig */;
			buildSettings = {
				ALWAYS_EMBED_SWIFT_STANDARD_LIBRARIES = YES;
				CODE_SIGN_STYLE = Automatic;
				CURRENT_PROJECT_VERSION = 1;
				DEVELOPMENT_TEAM = XDVS29F4FT;
				GENERATE_INFOPLIST_FILE = YES;
				MARKETING_VERSION = 1.0;
				PRODUCT_BUNDLE_IDENTIFIER = edwin.weru.EventsDemoAppUITests;
				PRODUCT_NAME = "$(TARGET_NAME)";
				SWIFT_EMIT_LOC_STRINGS = NO;
				SWIFT_VERSION = 5.0;
				TARGETED_DEVICE_FAMILY = "1,2";
				TEST_TARGET_NAME = EventsDemoApp;
			};
			name = Release;
		};
/* End XCBuildConfiguration section */

/* Begin XCConfigurationList section */
		5999F48E289903E7004C61BA /* Build configuration list for PBXProject "EventsDemoApp" */ = {
			isa = XCConfigurationList;
			buildConfigurations = (
				5999F4BB289903EF004C61BA /* Debug */,
				5999F4BC289903EF004C61BA /* Release */,
			);
			defaultConfigurationIsVisible = 0;
			defaultConfigurationName = Release;
		};
		5999F4BD289903F0004C61BA /* Build configuration list for PBXNativeTarget "EventsDemoApp" */ = {
			isa = XCConfigurationList;
			buildConfigurations = (
				5999F4BE289903F0004C61BA /* Debug */,
				5999F4BF289903F0004C61BA /* Release */,
			);
			defaultConfigurationIsVisible = 0;
			defaultConfigurationName = Release;
		};
		5999F4C0289903F0004C61BA /* Build configuration list for PBXNativeTarget "EventsDemoAppTests" */ = {
			isa = XCConfigurationList;
			buildConfigurations = (
				5999F4C1289903F0004C61BA /* Debug */,
				5999F4C2289903F0004C61BA /* Release */,
			);
			defaultConfigurationIsVisible = 0;
			defaultConfigurationName = Release;
		};
		5999F4C3289903F0004C61BA /* Build configuration list for PBXNativeTarget "EventsDemoAppUITests" */ = {
			isa = XCConfigurationList;
			buildConfigurations = (
				5999F4C4289903F0004C61BA /* Debug */,
				5999F4C5289903F0004C61BA /* Release */,
			);
			defaultConfigurationIsVisible = 0;
			defaultConfigurationName = Release;
		};
/* End XCConfigurationList section */
	};
	rootObject = 5999F48B289903E6004C61BA /* Project object */;
}
